
Microsoft Visual Studio Solution File, Format Version 12.00
# Visual Studio Version 17
VisualStudioVersion = 17.4.33110.190
MinimumVisualStudioVersion = 10.0.40219.1
Project("{9A19103F-16F7-4668-BE54-9A1E7A4F7556}") = "SpriteZero", "SpriteZero\SpriteZero.csproj", "{2669DC9E-9FB5-42C4-9297-465DA96F6822}"
EndProject
Project("{FAE04EC0-301F-11D3-BF4B-00C04F79EFBC}") = "SpriteZero.Tests", "SpriteZero.Tests\SpriteZero.Tests.csproj", "{03FBC3FB-84F6-4F91-9524-227319C889FC}"
EndProject
Global
	GlobalSection(SolutionConfigurationPlatforms) = preSolution
		Debug|Any CPU = Debug|Any CPU
		Release|Any CPU = Release|Any CPU
	EndGlobalSection
	GlobalSection(ProjectConfigurationPlatforms) = postSolution
		{2669DC9E-9FB5-42C4-9297-465DA96F6822}.Debug|Any CPU.ActiveCfg = Debug|Any CPU
		{2669DC9E-9FB5-42C4-9297-465DA96F6822}.Debug|Any CPU.Build.0 = Debug|Any CPU
		{2669DC9E-9FB5-42C4-9297-465DA96F6822}.Release|Any CPU.ActiveCfg = Release|Any CPU
		{2669DC9E-9FB5-42C4-9297-465DA96F6822}.Release|Any CPU.Build.0 = Release|Any CPU
		{03FBC3FB-84F6-4F91-9524-227319C889FC}.Debug|Any CPU.ActiveCfg = Debug|Any CPU
		{03FBC3FB-84F6-4F91-9524-227319C889FC}.Debug|Any CPU.Build.0 = Debug|Any CPU
		{03FBC3FB-84F6-4F91-9524-227319C889FC}.Release|Any CPU.ActiveCfg = Release|Any CPU
		{03FBC3FB-84F6-4F91-9524-227319C889FC}.Release|Any CPU.Build.0 = Release|Any CPU
	EndGlobalSection
	GlobalSection(SolutionProperties) = preSolution
		HideSolutionNode = FALSE
	EndGlobalSection
	GlobalSection(ExtensibilityGlobals) = postSolution
		SolutionGuid = {B90E512F-CD35-45FD-B6E4-14644E379092}
	EndGlobalSection
EndGlobal
